// !$*UTF8*$!
{
	archiveVersion = 1;
	classes = {
	};
	objectVersion = 50;
	objects = {

/* Begin PBXFileReference section */
		DE55EEB3241887C100F1831F /* caesar.cpp */ = {isa = PBXFileReference; lastKnownFileType = sourcecode.cpp.cpp; path = caesar.cpp; sourceTree = "<group>"; };
		DE55EEB4241887C100F1831F /* caesar.hpp */ = {isa = PBXFileReference; lastKnownFileType = sourcecode.cpp.h; path = caesar.hpp; sourceTree = "<group>"; };
/* End PBXFileReference section */

/* Begin PBXGroup section */
		DE55EEAC241887A200F1831F = {
			isa = PBXGroup;
			children = (
				DE55EEB3241887C100F1831F /* caesar.cpp */,
				DE55EEB4241887C100F1831F /* caesar.hpp */,
			);
			sourceTree = "<group>";
		};
/* End PBXGroup section */

/* Begin PBXProject section */
		DE55EEAD241887A200F1831F /* Project object */ = {
			isa = PBXProject;
			attributes = {
				LastUpgradeCheck = 1130;
			};
			buildConfigurationList = DE55EEB0241887A200F1831F /* Build configuration list for PBXProject "Caesar" */;
			compatibilityVersion = "Xcode 9.3";
			developmentRegion = en;
			hasScannedForEncodings = 0;
			knownRegions = (
				en,
				Base,
			);
			mainGroup = DE55EEAC241887A200F1831F;
			projectDirPath = "";
			projectRoot = "";
			targets = (
			);
		};
/* End PBXProject section */

/* Begin XCBuildConfiguration section */
		DE55EEB1241887A200F1831F /* Debug */ = {
			isa = XCBuildConfiguration;
			buildSettings = {
			};
			name = Debug;
		};
		DE55EEB2241887A200F1831F /* Release */ = {
			isa = XCBuildConfiguration;
			buildSettings = {
			};
			name = Release;
		};
/* End XCBuildConfiguration section */

/* Begin XCConfigurationList section */
		DE55EEB0241887A200F1831F /* Build configuration list for PBXProject "Caesar" */ = {
			isa = XCConfigurationList;
			buildConfigurations = (
				DE55EEB1241887A200F1831F /* Debug */,
				DE55EEB2241887A200F1831F /* Release */,
			);
			defaultConfigurationIsVisible = 0;
			defaultConfigurationName = Release;
		};
/* End XCConfigurationList section */
	};
	rootObject = DE55EEAD241887A200F1831F /* Project object */;
}
